// !$*UTF8*$!
{
	archiveVersion = 1;
	classes = {
	};
	objectVersion = 46;
	objects = {

/* Begin PBXBuildFile section */
		D314F7B81EF41FA000E2A1BC /* AppDelegate.swift in Sources */ = {isa = PBXBuildFile; fileRef = D314F7B71EF41FA000E2A1BC /* AppDelegate.swift */; };
		D314F7BA1EF41FA000E2A1BC /* ViewController.swift in Sources */ = {isa = PBXBuildFile; fileRef = D314F7B91EF41FA000E2A1BC /* ViewController.swift */; };
		D314F7BD1EF41FA000E2A1BC /* Main.storyboard in Resources */ = {isa = PBXBuildFile; fileRef = D314F7BB1EF41FA000E2A1BC /* Main.storyboard */; };
		D314F7BF1EF41FA000E2A1BC /* Assets.xcassets in Resources */ = {isa = PBXBuildFile; fileRef = D314F7BE1EF41FA000E2A1BC /* Assets.xcassets */; };
		D314F7C21EF41FA000E2A1BC /* LaunchScreen.storyboard in Resources */ = {isa = PBXBuildFile; fileRef = D314F7C01EF41FA000E2A1BC /* LaunchScreen.storyboard */; };
		D314F7CD1EF41FA000E2A1BC /* H5TestTests.swift in Sources */ = {isa = PBXBuildFile; fileRef = D314F7CC1EF41FA000E2A1BC /* H5TestTests.swift */; };
		D314F7D81EF41FA000E2A1BC /* H5TestUITests.swift in Sources */ = {isa = PBXBuildFile; fileRef = D314F7D71EF41FA000E2A1BC /* H5TestUITests.swift */; };
/* End PBXBuildFile section */

/* Begin PBXContainerItemProxy section */
		D314F7C91EF41FA000E2A1BC /* PBXContainerItemProxy */ = {
			isa = PBXContainerItemProxy;
			containerPortal = D314F7AC1EF41FA000E2A1BC /* Project object */;
			proxyType = 1;
			remoteGlobalIDString = D314F7B31EF41FA000E2A1BC;
			remoteInfo = H5Test;
		};
		D314F7D41EF41FA000E2A1BC /* PBXContainerItemProxy */ = {
			isa = PBXContainerItemProxy;
			containerPortal = D314F7AC1EF41FA000E2A1BC /* Project object */;
			proxyType = 1;
			remoteGlobalIDString = D314F7B31EF41FA000E2A1BC;
			remoteInfo = H5Test;
		};
/* End PBXContainerItemProxy section */

/* Begin PBXFileReference section */
		D314F7B41EF41FA000E2A1BC /* H5Test.app */ = {isa = PBXFileReference; explicitFileType = wrapper.application; includeInIndex = 0; path = H5Test.app; sourceTree = BUILT_PRODUCTS_DIR; };
		D314F7B71EF41FA000E2A1BC /* AppDelegate.swift */ = {isa = PBXFileReference; lastKnownFileType = sourcecode.swift; path = AppDelegate.swift; sourceTree = "<group>"; };
		D314F7B91EF41FA000E2A1BC /* ViewController.swift */ = {isa = PBXFileReference; lastKnownFileType = sourcecode.swift; path = ViewController.swift; sourceTree = "<group>"; };
		D314F7BC1EF41FA000E2A1BC /* Base */ = {isa = PBXFileReference; lastKnownFileType = file.storyboard; name = Base; path = Base.lproj/Main.storyboard; sourceTree = "<group>"; };
		D314F7BE1EF41FA000E2A1BC /* Assets.xcassets */ = {isa = PBXFileReference; lastKnownFileType = folder.assetcatalog; path = Assets.xcassets; sourceTree = "<group>"; };
		D314F7C11EF41FA000E2A1BC /* Base */ = {isa = PBXFileReference; lastKnownFileType = file.storyboard; name = Base; path = Base.lproj/LaunchScreen.storyboard; sourceTree = "<group>"; };
		D314F7C31EF41FA000E2A1BC /* Info.plist */ = {isa = PBXFileReference; lastKnownFileType = text.plist.xml; path = Info.plist; sourceTree = "<group>"; };
		D314F7C81EF41FA000E2A1BC /* H5TestTests.xctest */ = {isa = PBXFileReference; explicitFileType = wrapper.cfbundle; includeInIndex = 0; path = H5TestTests.xctest; sourceTree = BUILT_PRODUCTS_DIR; };
		D314F7CC1EF41FA000E2A1BC /* H5TestTests.swift */ = {isa = PBXFileReference; lastKnownFileType = sourcecode.swift; path = H5TestTests.swift; sourceTree = "<group>"; };
		D314F7CE1EF41FA000E2A1BC /* Info.plist */ = {isa = PBXFileReference; lastKnownFileType = text.plist.xml; path = Info.plist; sourceTree = "<group>"; };
		D314F7D31EF41FA000E2A1BC /* H5TestUITests.xctest */ = {isa = PBXFileReference; explicitFileType = wrapper.cfbundle; includeInIndex = 0; path = H5TestUITests.xctest; sourceTree = BUILT_PRODUCTS_DIR; };
		D314F7D71EF41FA000E2A1BC /* H5TestUITests.swift */ = {isa = PBXFileReference; lastKnownFileType = sourcecode.swift; path = H5TestUITests.swift; sourceTree = "<group>"; };
		D314F7D91EF41FA000E2A1BC /* Info.plist */ = {isa = PBXFileReference; lastKnownFileType = text.plist.xml; path = Info.plist; sourceTree = "<group>"; };
/* End PBXFileReference section */

/* Begin PBXFrameworksBuildPhase section */
		D314F7B11EF41FA000E2A1BC /* Frameworks */ = {
			isa = PBXFrameworksBuildPhase;
			buildActionMask = 2147483647;
			files = (
			);
			runOnlyForDeploymentPostprocessing = 0;
		};
		D314F7C51EF41FA000E2A1BC /* Frameworks */ = {
			isa = PBXFrameworksBuildPhase;
			buildActionMask = 2147483647;
			files = (
			);
			runOnlyForDeploymentPostprocessing = 0;
		};
		D314F7D01EF41FA000E2A1BC /* Frameworks */ = {
			isa = PBXFrameworksBuildPhase;
			buildActionMask = 2147483647;
			files = (
			);
			runOnlyForDeploymentPostprocessing = 0;
		};
/* End PBXFrameworksBuildPhase section */

/* Begin PBXGroup section */
		D314F7AB1EF41FA000E2A1BC = {
			isa = PBXGroup;
			children = (
				D314F7B61EF41FA000E2A1BC /* H5Test */,
				D314F7CB1EF41FA000E2A1BC /* H5TestTests */,
				D314F7D61EF41FA000E2A1BC /* H5TestUITests */,
				D314F7B51EF41FA000E2A1BC /* Products */,
			);
			sourceTree = "<group>";
		};
		D314F7B51EF41FA000E2A1BC /* Products */ = {
			isa = PBXGroup;
			children = (
				D314F7B41EF41FA000E2A1BC /* H5Test.app */,
				D314F7C81EF41FA000E2A1BC /* H5TestTests.xctest */,
				D314F7D31EF41FA000E2A1BC /* H5TestUITests.xctest */,
			);
			name = Products;
			sourceTree = "<group>";
		};
		D314F7B61EF41FA000E2A1BC /* H5Test */ = {
			isa = PBXGroup;
			children = (
				D314F7B71EF41FA000E2A1BC /* AppDelegate.swift */,
				D314F7B91EF41FA000E2A1BC /* ViewController.swift */,
				D314F7BB1EF41FA000E2A1BC /* Main.storyboard */,
				D314F7BE1EF41FA000E2A1BC /* Assets.xcassets */,
				D314F7C01EF41FA000E2A1BC /* LaunchScreen.storyboard */,
				D314F7C31EF41FA000E2A1BC /* Info.plist */,
			);
			path = H5Test;
			sourceTree = "<group>";
		};
		D314F7CB1EF41FA000E2A1BC /* H5TestTests */ = {
			isa = PBXGroup;
			children = (
				D314F7CC1EF41FA000E2A1BC /* H5TestTests.swift */,
				D314F7CE1EF41FA000E2A1BC /* Info.plist */,
			);
			path = H5TestTests;
			sourceTree = "<group>";
		};
		D314F7D61EF41FA000E2A1BC /* H5TestUITests */ = {
			isa = PBXGroup;
			children = (
				D314F7D71EF41FA000E2A1BC /* H5TestUITests.swift */,
				D314F7D91EF41FA000E2A1BC /* Info.plist */,
			);
			path = H5TestUITests;
			sourceTree = "<group>";
		};
/* End PBXGroup section */

/* Begin PBXNativeTarget section */
		D314F7B31EF41FA000E2A1BC /* H5Test */ = {
			isa = PBXNativeTarget;
			buildConfigurationList = D314F7DC1EF41FA000E2A1BC /* Build configuration list for PBXNativeTarget "H5Test" */;
			buildPhases = (
				D314F7B01EF41FA000E2A1BC /* Sources */,
				D314F7B11EF41FA000E2A1BC /* Frameworks */,
				D314F7B21EF41FA000E2A1BC /* Resources */,
			);
			buildRules = (
			);
			dependencies = (
			);
			name = H5Test;
			productName = H5Test;
			productReference = D314F7B41EF41FA000E2A1BC /* H5Test.app */;
			productType = "com.apple.product-type.application";
		};
		D314F7C71EF41FA000E2A1BC /* H5TestTests */ = {
			isa = PBXNativeTarget;
			buildConfigurationList = D314F7DF1EF41FA000E2A1BC /* Build configuration list for PBXNativeTarget "H5TestTests" */;
			buildPhases = (
				D314F7C41EF41FA000E2A1BC /* Sources */,
				D314F7C51EF41FA000E2A1BC /* Frameworks */,
				D314F7C61EF41FA000E2A1BC /* Resources */,
			);
			buildRules = (
			);
			dependencies = (
				D314F7CA1EF41FA000E2A1BC /* PBXTargetDependency */,
			);
			name = H5TestTests;
			productName = H5TestTests;
			productReference = D314F7C81EF41FA000E2A1BC /* H5TestTests.xctest */;
			productType = "com.apple.product-type.bundle.unit-test";
		};
		D314F7D21EF41FA000E2A1BC /* H5TestUITests */ = {
			isa = PBXNativeTarget;
			buildConfigurationList = D314F7E21EF41FA000E2A1BC /* Build configuration list for PBXNativeTarget "H5TestUITests" */;
			buildPhases = (
				D314F7CF1EF41FA000E2A1BC /* Sources */,
				D314F7D01EF41FA000E2A1BC /* Frameworks */,
				D314F7D11EF41FA000E2A1BC /* Resources */,
			);
			buildRules = (
			);
			dependencies = (
				D314F7D51EF41FA000E2A1BC /* PBXTargetDependency */,
			);
			name = H5TestUITests;
			productName = H5TestUITests;
			productReference = D314F7D31EF41FA000E2A1BC /* H5TestUITests.xctest */;
			productType = "com.apple.product-type.bundle.ui-testing";
		};
/* End PBXNativeTarget section */

/* Begin PBXProject section */
		D314F7AC1EF41FA000E2A1BC /* Project object */ = {
			isa = PBXProject;
			attributes = {
				LastSwiftUpdateCheck = 0830;
				LastUpgradeCheck = 0830;
				ORGANIZATIONNAME = "Big Nerd Ranch";
				TargetAttributes = {
					D314F7B31EF41FA000E2A1BC = {
						CreatedOnToolsVersion = 8.3.3;
						ProvisioningStyle = Automatic;
					};
					D314F7C71EF41FA000E2A1BC = {
						CreatedOnToolsVersion = 8.3.3;
						ProvisioningStyle = Automatic;
						TestTargetID = D314F7B31EF41FA000E2A1BC;
					};
					D314F7D21EF41FA000E2A1BC = {
						CreatedOnToolsVersion = 8.3.3;
						ProvisioningStyle = Automatic;
						TestTargetID = D314F7B31EF41FA000E2A1BC;
					};
				};
			};
			buildConfigurationList = D314F7AF1EF41FA000E2A1BC /* Build configuration list for PBXProject "H5Test" */;
			compatibilityVersion = "Xcode 3.2";
			developmentRegion = English;
			hasScannedForEncodings = 0;
			knownRegions = (
				en,
				Base,
			);
			mainGroup = D314F7AB1EF41FA000E2A1BC;
			productRefGroup = D314F7B51EF41FA000E2A1BC /* Products */;
			projectDirPath = "";
			projectRoot = "";
			targets = (
				D314F7B31EF41FA000E2A1BC /* H5Test */,
				D314F7C71EF41FA000E2A1BC /* H5TestTests */,
				D314F7D21EF41FA000E2A1BC /* H5TestUITests */,
			);
		};
/* End PBXProject section */

/* Begin PBXResourcesBuildPhase section */
		D314F7B21EF41FA000E2A1BC /* Resources */ = {
			isa = PBXResourcesBuildPhase;
			buildActionMask = 2147483647;
			files = (
				D314F7C21EF41FA000E2A1BC /* LaunchScreen.storyboard in Resources */,
				D314F7BF1EF41FA000E2A1BC /* Assets.xcassets in Resources */,
				D314F7BD1EF41FA000E2A1BC /* Main.storyboard in Resources */,
			);
			runOnlyForDeploymentPostprocessing = 0;
		};
		D314F7C61EF41FA000E2A1BC /* Resources */ = {
			isa = PBXResourcesBuildPhase;
			buildActionMask = 2147483647;
			files = (
			);
			runOnlyForDeploymentPostprocessing = 0;
		};
		D314F7D11EF41FA000E2A1BC /* Resources */ = {
			isa = PBXResourcesBuildPhase;
			buildActionMask = 2147483647;
			files = (
			);
			runOnlyForDeploymentPostprocessing = 0;
		};
/* End PBXResourcesBuildPhase section */

/* Begin PBXSourcesBuildPhase section */
		D314F7B01EF41FA000E2A1BC /* Sources */ = {
			isa = PBXSourcesBuildPhase;
			buildActionMask = 2147483647;
			files = (
				D314F7BA1EF41FA000E2A1BC /* ViewController.swift in Sources */,
				D314F7B81EF41FA000E2A1BC /* AppDelegate.swift in Sources */,
			);
			runOnlyForDeploymentPostprocessing = 0;
		};
		D314F7C41EF41FA000E2A1BC /* Sources */ = {
			isa = PBXSourcesBuildPhase;
			buildActionMask = 2147483647;
			files = (
				D314F7CD1EF41FA000E2A1BC /* H5TestTests.swift in Sources */,
			);
			runOnlyForDeploymentPostprocessing = 0;
		};
		D314F7CF1EF41FA000E2A1BC /* Sources */ = {
			isa = PBXSourcesBuildPhase;
			buildActionMask = 2147483647;
			files = (
				D314F7D81EF41FA000E2A1BC /* H5TestUITests.swift in Sources */,
			);
			runOnlyForDeploymentPostprocessing = 0;
		};
/* End PBXSourcesBuildPhase section */

/* Begin PBXTargetDependency section */
		D314F7CA1EF41FA000E2A1BC /* PBXTargetDependency */ = {
			isa = PBXTargetDependency;
			target = D314F7B31EF41FA000E2A1BC /* H5Test */;
			targetProxy = D314F7C91EF41FA000E2A1BC /* PBXContainerItemProxy */;
		};
		D314F7D51EF41FA000E2A1BC /* PBXTargetDependency */ = {
			isa = PBXTargetDependency;
			target = D314F7B31EF41FA000E2A1BC /* H5Test */;
			targetProxy = D314F7D41EF41FA000E2A1BC /* PBXContainerItemProxy */;
		};
/* End PBXTargetDependency section */

/* Begin PBXVariantGroup section */
		D314F7BB1EF41FA000E2A1BC /* Main.storyboard */ = {
			isa = PBXVariantGroup;
			children = (
				D314F7BC1EF41FA000E2A1BC /* Base */,
			);
			name = Main.storyboard;
			sourceTree = "<group>";
		};
		D314F7C01EF41FA000E2A1BC /* LaunchScreen.storyboard */ = {
			isa = PBXVariantGroup;
			children = (
				D314F7C11EF41FA000E2A1BC /* Base */,
			);
			name = LaunchScreen.storyboard;
			sourceTree = "<group>";
		};
/* End PBXVariantGroup section */

/* Begin XCBuildConfiguration section */
		D314F7DA1EF41FA000E2A1BC /* Debug */ = {
			isa = XCBuildConfiguration;
			buildSettings = {
				ALWAYS_SEARCH_USER_PATHS = NO;
				CLANG_ANALYZER_NONNULL = YES;
				CLANG_ANALYZER_NUMBER_OBJECT_CONVERSION = YES_AGGRESSIVE;
				CLANG_CXX_LANGUAGE_STANDARD = "gnu++0x";
				CLANG_CXX_LIBRARY = "libc++";
				CLANG_ENABLE_MODULES = YES;
				CLANG_ENABLE_OBJC_ARC = YES;
				CLANG_WARN_BOOL_CONVERSION = YES;
				CLANG_WARN_CONSTANT_CONVERSION = YES;
				CLANG_WARN_DIRECT_OBJC_ISA_USAGE = YES_ERROR;
				CLANG_WARN_DOCUMENTATION_COMMENTS = YES;
				CLANG_WARN_EMPTY_BODY = YES;
				CLANG_WARN_ENUM_CONVERSION = YES;
				CLANG_WARN_INFINITE_RECURSION = YES;
				CLANG_WARN_INT_CONVERSION = YES;
				CLANG_WARN_OBJC_ROOT_CLASS = YES_ERROR;
				CLANG_WARN_SUSPICIOUS_MOVE = YES;
				CLANG_WARN_UNREACHABLE_CODE = YES;
				CLANG_WARN__DUPLICATE_METHOD_MATCH = YES;
				"CODE_SIGN_IDENTITY[sdk=iphoneos*]" = "iPhone Developer";
				COPY_PHASE_STRIP = NO;
				DEBUG_INFORMATION_FORMAT = dwarf;
				ENABLE_STRICT_OBJC_MSGSEND = YES;
				ENABLE_TESTABILITY = YES;
				GCC_C_LANGUAGE_STANDARD = gnu99;
				GCC_DYNAMIC_NO_PIC = NO;
				GCC_NO_COMMON_BLOCKS = YES;
				GCC_OPTIMIZATION_LEVEL = 0;
				GCC_PREPROCESSOR_DEFINITIONS = (
					"DEBUG=1",
					"$(inherited)",
				);
				GCC_WARN_64_TO_32_BIT_CONVERSION = YES;
				GCC_WARN_ABOUT_RETURN_TYPE = YES_ERROR;
				GCC_WARN_UNDECLARED_SELECTOR = YES;
				GCC_WARN_UNINITIALIZED_AUTOS = YES_AGGRESSIVE;
				GCC_WARN_UNUSED_FUNCTION = YES;
				GCC_WARN_UNUSED_VARIABLE = YES;
				IPHONEOS_DEPLOYMENT_TARGET = 10.3;
				MTL_ENABLE_DEBUG_INFO = YES;
				ONLY_ACTIVE_ARCH = YES;
				SDKROOT = iphoneos;
				SWIFT_ACTIVE_COMPILATION_CONDITIONS = DEBUG;
				SWIFT_OPTIMIZATION_LEVEL = "-Onone";
			};
			name = Debug;
		};
		D314F7DB1EF41FA000E2A1BC /* Release */ = {
			isa = XCBuildConfiguration;
			buildSettings = {
				ALWAYS_SEARCH_USER_PATHS = NO;
				CLANG_ANALYZER_NONNULL = YES;
				CLANG_ANALYZER_NUMBER_OBJECT_CONVERSION = YES_AGGRESSIVE;
				CLANG_CXX_LANGUAGE_STANDARD = "gnu++0x";
				CLANG_CXX_LIBRARY = "libc++";
				CLANG_ENABLE_MODULES = YES;
				CLANG_ENABLE_OBJC_ARC = YES;
				CLANG_WARN_BOOL_CONVERSION = YES;
				CLANG_WARN_CONSTANT_CONVERSION = YES;
				CLANG_WARN_DIRECT_OBJC_ISA_USAGE = YES_ERROR;
				CLANG_WARN_DOCUMENTATION_COMMENTS = YES;
				CLANG_WARN_EMPTY_BODY = YES;
				CLANG_WARN_ENUM_CONVERSION = YES;
				CLANG_WARN_INFINITE_RECURSION = YES;
				CLANG_WARN_INT_CONVERSION = YES;
				CLANG_WARN_OBJC_ROOT_CLASS = YES_ERROR;
				CLANG_WARN_SUSPICIOUS_MOVE = YES;
				CLANG_WARN_UNREACHABLE_CODE = YES;
				CLANG_WARN__DUPLICATE_METHOD_MATCH = YES;
				"CODE_SIGN_IDENTITY[sdk=iphoneos*]" = "iPhone Developer";
				COPY_PHASE_STRIP = NO;
				DEBUG_INFORMATION_FORMAT = "dwarf-with-dsym";
				ENABLE_NS_ASSERTIONS = NO;
				ENABLE_STRICT_OBJC_MSGSEND = YES;
				GCC_C_LANGUAGE_STANDARD = gnu99;
				GCC_NO_COMMON_BLOCKS = YES;
				GCC_WARN_64_TO_32_BIT_CONVERSION = YES;
				GCC_WARN_ABOUT_RETURN_TYPE = YES_ERROR;
				GCC_WARN_UNDECLARED_SELECTOR = YES;
				GCC_WARN_UNINITIALIZED_AUTOS = YES_AGGRESSIVE;
				GCC_WARN_UNUSED_FUNCTION = YES;
				GCC_WARN_UNUSED_VARIABLE = YES;
				IPHONEOS_DEPLOYMENT_TARGET = 10.3;
				MTL_ENABLE_DEBUG_INFO = NO;
				SDKROOT = iphoneos;
				SWIFT_OPTIMIZATION_LEVEL = "-Owholemodule";
				VALIDATE_PRODUCT = YES;
			};
			name = Release;
		};
		D314F7DD1EF41FA000E2A1BC /* Debug */ = {
			isa = XCBuildConfiguration;
			buildSettings = {
				ASSETCATALOG_COMPILER_APPICON_NAME = AppIcon;
				INFOPLIST_FILE = H5Test/Info.plist;
				LD_RUNPATH_SEARCH_PATHS = "$(inherited) @executable_path/Frameworks";
				PRODUCT_BUNDLE_IDENTIFIER = com.bignerdranch.H5Test;
				PRODUCT_NAME = "$(TARGET_NAME)";
				SWIFT_VERSION = 3.0;
			};
			name = Debug;
		};
		D314F7DE1EF41FA000E2A1BC /* Release */ = {
			isa = XCBuildConfiguration;
			buildSettings = {
				ASSETCATALOG_COMPILER_APPICON_NAME = AppIcon;
				INFOPLIST_FILE = H5Test/Info.plist;
				LD_RUNPATH_SEARCH_PATHS = "$(inherited) @executable_path/Frameworks";
				PRODUCT_BUNDLE_IDENTIFIER = com.bignerdranch.H5Test;
				PRODUCT_NAME = "$(TARGET_NAME)";
				SWIFT_VERSION = 3.0;
			};
			name = Release;
		};
		D314F7E01EF41FA000E2A1BC /* Debug */ = {
			isa = XCBuildConfiguration;
			buildSettings = {
				ALWAYS_EMBED_SWIFT_STANDARD_LIBRARIES = YES;
				BUNDLE_LOADER = "$(TEST_HOST)";
				INFOPLIST_FILE = H5TestTests/Info.plist;
				LD_RUNPATH_SEARCH_PATHS = "$(inherited) @executable_path/Frameworks @loader_path/Frameworks";
				PRODUCT_BUNDLE_IDENTIFIER = com.bignerdranch.H5TestTests;
				PRODUCT_NAME = "$(TARGET_NAME)";
				SWIFT_VERSION = 3.0;
				TEST_HOST = "$(BUILT_PRODUCTS_DIR)/H5Test.app/H5Test";
			};
			name = Debug;
		};
		D314F7E11EF41FA000E2A1BC /* Release */ = {
			isa = XCBuildConfiguration;
			buildSettings = {
				ALWAYS_EMBED_SWIFT_STANDARD_LIBRARIES = YES;
				BUNDLE_LOADER = "$(TEST_HOST)";
				INFOPLIST_FILE = H5TestTests/Info.plist;
				LD_RUNPATH_SEARCH_PATHS = "$(inherited) @executable_path/Frameworks @loader_path/Frameworks";
				PRODUCT_BUNDLE_IDENTIFIER = com.bignerdranch.H5TestTests;
				PRODUCT_NAME = "$(TARGET_NAME)";
				SWIFT_VERSION = 3.0;
				TEST_HOST = "$(BUILT_PRODUCTS_DIR)/H5Test.app/H5Test";
			};
			name = Release;
		};
		D314F7E31EF41FA000E2A1BC /* Debug */ = {
			isa = XCBuildConfiguration;
			buildSettings = {
				ALWAYS_EMBED_SWIFT_STANDARD_LIBRARIES = YES;
				INFOPLIST_FILE = H5TestUITests/Info.plist;
				LD_RUNPATH_SEARCH_PATHS = "$(inherited) @executable_path/Frameworks @loader_path/Frameworks";
				PRODUCT_BUNDLE_IDENTIFIER = com.bignerdranch.H5TestUITests;
				PRODUCT_NAME = "$(TARGET_NAME)";
				SWIFT_VERSION = 3.0;
				TEST_TARGET_NAME = H5Test;
			};
			name = Debug;
		};
		D314F7E41EF41FA000E2A1BC /* Release */ = {
			isa = XCBuildConfiguration;
			buildSettings = {
				ALWAYS_EMBED_SWIFT_STANDARD_LIBRARIES = YES;
				INFOPLIST_FILE = H5TestUITests/Info.plist;
				LD_RUNPATH_SEARCH_PATHS = "$(inherited) @executable_path/Frameworks @loader_path/Frameworks";
				PRODUCT_BUNDLE_IDENTIFIER = com.bignerdranch.H5TestUITests;
				PRODUCT_NAME = "$(TARGET_NAME)";
				SWIFT_VERSION = 3.0;
				TEST_TARGET_NAME = H5Test;
			};
			name = Release;
		};
/* End XCBuildConfiguration section */

/* Begin XCConfigurationList section */
		D314F7AF1EF41FA000E2A1BC /* Build configuration list for PBXProject "H5Test" */ = {
			isa = XCConfigurationList;
			buildConfigurations = (
				D314F7DA1EF41FA000E2A1BC /* Debug */,
				D314F7DB1EF41FA000E2A1BC /* Release */,
			);
			defaultConfigurationIsVisible = 0;
			defaultConfigurationName = Release;
		};
		D314F7DC1EF41FA000E2A1BC /* Build configuration list for PBXNativeTarget "H5Test" */ = {
			isa = XCConfigurationList;
			buildConfigurations = (
				D314F7DD1EF41FA000E2A1BC /* Debug */,
				D314F7DE1EF41FA000E2A1BC /* Release */,
			);
			defaultConfigurationIsVisible = 0;
			defaultConfigurationName = Release;
		};
		D314F7DF1EF41FA000E2A1BC /* Build configuration list for PBXNativeTarget "H5TestTests" */ = {
			isa = XCConfigurationList;
			buildConfigurations = (
				D314F7E01EF41FA000E2A1BC /* Debug */,
				D314F7E11EF41FA000E2A1BC /* Release */,
			);
			defaultConfigurationIsVisible = 0;
			defaultConfigurationName = Release;
		};
		D314F7E21EF41FA000E2A1BC /* Build configuration list for PBXNativeTarget "H5TestUITests" */ = {
			isa = XCConfigurationList;
			buildConfigurations = (
				D314F7E31EF41FA000E2A1BC /* Debug */,
				D314F7E41EF41FA000E2A1BC /* Release */,
			);
			defaultConfigurationIsVisible = 0;
			defaultConfigurationName = Release;
		};
/* End XCConfigurationList section */
	};
	rootObject = D314F7AC1EF41FA000E2A1BC /* Project object */;
}
